
Microsoft Visual Studio Solution File, Format Version 12.00
# Visual Studio Version 17
VisualStudioVersion = 17.2.32630.192
MinimumVisualStudioVersion = 10.0.40219.1
Project("{FAE04EC0-301F-11D3-BF4B-00C04F79EFBC}") = "MyDLLProject", "MyDLLProject.csproj", "{8D6309C6-F716-4FC4-BC00-EDF96999F9FD}"
EndProject
Global
	GlobalSection(SolutionConfigurationPlatforms) = preSolution
		Debug|Any CPU = Debug|Any CPU
		Release|Any CPU = Release|Any CPU
	EndGlobalSection
	GlobalSection(ProjectConfigurationPlatforms) = postSolution
		{8D6309C6-F716-4FC4-BC00-EDF96999F9FD}.Debug|Any CPU.ActiveCfg = Debug|Any CPU
		{8D6309C6-F716-4FC4-BC00-EDF96999F9FD}.Debug|Any CPU.Build.0 = Debug|Any CPU
		{8D6309C6-F716-4FC4-BC00-EDF96999F9FD}.Release|Any CPU.ActiveCfg = Release|Any CPU
		{8D6309C6-F716-4FC4-BC00-EDF96999F9FD}.Release|Any CPU.Build.0 = Release|Any CPU
	EndGlobalSection
	GlobalSection(SolutionProperties) = preSolution
		HideSolutionNode = FALSE
	EndGlobalSection
	GlobalSection(ExtensibilityGlobals) = postSolution
		SolutionGuid = {2A19A403-989E-4351-9A05-F46FABC9FDA2}
	EndGlobalSection
EndGlobal
